
Microsoft Visual Studio Solution File, Format Version 12.00
# Visual Studio Version 17
VisualStudioVersion = 17.13.35931.197 d17.13
MinimumVisualStudioVersion = 10.0.40219.1
Project("{FAE04EC0-301F-11D3-BF4B-00C04F79EFBC}") = "Task1", "Task1\Task1.csproj", "{D1BFA439-C692-444E-9ACA-347842DF89E7}"
EndProject
Global
	GlobalSection(SolutionConfigurationPlatforms) = preSolution
		Debug|ARM = Debug|ARM
		Debug|ARM64 = Debug|ARM64
		Debug|x64 = Debug|x64
		Debug|x86 = Debug|x86
		Release|ARM = Release|ARM
		Release|ARM64 = Release|ARM64
		Release|x64 = Release|x64
		Release|x86 = Release|x86
	EndGlobalSection
	GlobalSection(ProjectConfigurationPlatforms) = postSolution
		{D1BFA439-C692-444E-9ACA-347842DF89E7}.Debug|ARM.ActiveCfg = Debug|ARM
		{D1BFA439-C692-444E-9ACA-347842DF89E7}.Debug|ARM.Build.0 = Debug|ARM
		{D1BFA439-C692-444E-9ACA-347842DF89E7}.Debug|ARM.Deploy.0 = Debug|ARM
		{D1BFA439-C692-444E-9ACA-347842DF89E7}.Debug|ARM64.ActiveCfg = Debug|ARM64
		{D1BFA439-C692-444E-9ACA-347842DF89E7}.Debug|ARM64.Build.0 = Debug|ARM64
		{D1BFA439-C692-444E-9ACA-347842DF89E7}.Debug|ARM64.Deploy.0 = Debug|ARM64
		{D1BFA439-C692-444E-9ACA-347842DF89E7}.Debug|x64.ActiveCfg = Debug|x64
		{D1BFA439-C692-444E-9ACA-347842DF89E7}.Debug|x64.Build.0 = Debug|x64
		{D1BFA439-C692-444E-9ACA-347842DF89E7}.Debug|x64.Deploy.0 = Debug|x64
		{D1BFA439-C692-444E-9ACA-347842DF89E7}.Debug|x86.ActiveCfg = Debug|x86
		{D1BFA439-C692-444E-9ACA-347842DF89E7}.Debug|x86.Build.0 = Debug|x86
		{D1BFA439-C692-444E-9ACA-347842DF89E7}.Debug|x86.Deploy.0 = Debug|x86
		{D1BFA439-C692-444E-9ACA-347842DF89E7}.Release|ARM.ActiveCfg = Release|ARM
		{D1BFA439-C692-444E-9ACA-347842DF89E7}.Release|ARM.Build.0 = Release|ARM
		{D1BFA439-C692-444E-9ACA-347842DF89E7}.Release|ARM.Deploy.0 = Release|ARM
		{D1BFA439-C692-444E-9ACA-347842DF89E7}.Release|ARM64.ActiveCfg = Release|ARM64
		{D1BFA439-C692-444E-9ACA-347842DF89E7}.Release|ARM64.Build.0 = Release|ARM64
		{D1BFA439-C692-444E-9ACA-347842DF89E7}.Release|ARM64.Deploy.0 = Release|ARM64
		{D1BFA439-C692-444E-9ACA-347842DF89E7}.Release|x64.ActiveCfg = Release|x64
		{D1BFA439-C692-444E-9ACA-347842DF89E7}.Release|x64.Build.0 = Release|x64
		{D1BFA439-C692-444E-9ACA-347842DF89E7}.Release|x64.Deploy.0 = Release|x64
		{D1BFA439-C692-444E-9ACA-347842DF89E7}.Release|x86.ActiveCfg = Release|x86
		{D1BFA439-C692-444E-9ACA-347842DF89E7}.Release|x86.Build.0 = Release|x86
		{D1BFA439-C692-444E-9ACA-347842DF89E7}.Release|x86.Deploy.0 = Release|x86
	EndGlobalSection
	GlobalSection(SolutionProperties) = preSolution
		HideSolutionNode = FALSE
	EndGlobalSection
	GlobalSection(ExtensibilityGlobals) = postSolution
		SolutionGuid = {B2CE7D28-3984-40C3-A604-1713176C469F}
	EndGlobalSection
EndGlobal
